
Microsoft Visual Studio Solution File, Format Version 12.00
# Visual Studio Version 16
VisualStudioVersion = 16.0.30711.63
MinimumVisualStudioVersion = 10.0.40219.1
Project("{FAE04EC0-301F-11D3-BF4B-00C04F79EFBC}") = "Homework_Lesson8_TininA_Task1", "Homework_Lesson8_TininA_Task1.csproj", "{50493AC2-6343-4BD0-A27D-0B42E41AB717}"
EndProject
Project("{FAE04EC0-301F-11D3-BF4B-00C04F79EFBC}") = "Homework_Lesson8_TininA_Task3", "..\Homework_Lesson8_TininA_Task3\Homework_Lesson8_TininA_Task3.csproj", "{72E7C3B0-02F5-463E-BB02-109C57CE7DF8}"
EndProject
Project("{FAE04EC0-301F-11D3-BF4B-00C04F79EFBC}") = "Homework_Lesson8_TininA_Task2", "..\Homework_Lesson8_TininA_Task2\Homework_Lesson8_TininA_Task2.csproj", "{61FB4413-D63C-452D-8D92-C2A47AFCCF3B}"
EndProject
Project("{FAE04EC0-301F-11D3-BF4B-00C04F79EFBC}") = "Homework_Lesson8_TininA_Task4", "..\Homework_Lesson8_TininA_Task4\Homework_Lesson8_TininA_Task4.csproj", "{31BE2615-BCA6-4028-8EE5-2A7898F56852}"
EndProject
Project("{FAE04EC0-301F-11D3-BF4B-00C04F79EFBC}") = "Homework_Lesson8_TininA_Task5", "..\Homework_Lesson8_TininA_Task5\Homework_Lesson8_TininA_Task5.csproj", "{AD8BDE75-911A-4F6F-9EB7-8406E3695C6A}"
EndProject
Project("{FAE04EC0-301F-11D3-BF4B-00C04F79EFBC}") = "Homework_Lesson8_Task6_TininA", "..\Homework_Lesson8_Task6_TininA\Homework_Lesson8_Task6_TininA.csproj", "{F81FD68D-B2BB-4EDF-A281-F39D24F9F689}"
EndProject
Global
	GlobalSection(SolutionConfigurationPlatforms) = preSolution
		Debug|Any CPU = Debug|Any CPU
		Release|Any CPU = Release|Any CPU
	EndGlobalSection
	GlobalSection(ProjectConfigurationPlatforms) = postSolution
		{50493AC2-6343-4BD0-A27D-0B42E41AB717}.Debug|Any CPU.ActiveCfg = Debug|Any CPU
		{50493AC2-6343-4BD0-A27D-0B42E41AB717}.Debug|Any CPU.Build.0 = Debug|Any CPU
		{50493AC2-6343-4BD0-A27D-0B42E41AB717}.Release|Any CPU.ActiveCfg = Release|Any CPU
		{50493AC2-6343-4BD0-A27D-0B42E41AB717}.Release|Any CPU.Build.0 = Release|Any CPU
		{72E7C3B0-02F5-463E-BB02-109C57CE7DF8}.Debug|Any CPU.ActiveCfg = Debug|Any CPU
		{72E7C3B0-02F5-463E-BB02-109C57CE7DF8}.Debug|Any CPU.Build.0 = Debug|Any CPU
		{72E7C3B0-02F5-463E-BB02-109C57CE7DF8}.Release|Any CPU.ActiveCfg = Release|Any CPU
		{72E7C3B0-02F5-463E-BB02-109C57CE7DF8}.Release|Any CPU.Build.0 = Release|Any CPU
		{61FB4413-D63C-452D-8D92-C2A47AFCCF3B}.Debug|Any CPU.ActiveCfg = Debug|Any CPU
		{61FB4413-D63C-452D-8D92-C2A47AFCCF3B}.Debug|Any CPU.Build.0 = Debug|Any CPU
		{61FB4413-D63C-452D-8D92-C2A47AFCCF3B}.Release|Any CPU.ActiveCfg = Release|Any CPU
		{61FB4413-D63C-452D-8D92-C2A47AFCCF3B}.Release|Any CPU.Build.0 = Release|Any CPU
		{31BE2615-BCA6-4028-8EE5-2A7898F56852}.Debug|Any CPU.ActiveCfg = Debug|Any CPU
		{31BE2615-BCA6-4028-8EE5-2A7898F56852}.Debug|Any CPU.Build.0 = Debug|Any CPU
		{31BE2615-BCA6-4028-8EE5-2A7898F56852}.Release|Any CPU.ActiveCfg = Release|Any CPU
		{31BE2615-BCA6-4028-8EE5-2A7898F56852}.Release|Any CPU.Build.0 = Release|Any CPU
		{AD8BDE75-911A-4F6F-9EB7-8406E3695C6A}.Debug|Any CPU.ActiveCfg = Debug|Any CPU
		{AD8BDE75-911A-4F6F-9EB7-8406E3695C6A}.Debug|Any CPU.Build.0 = Debug|Any CPU
		{AD8BDE75-911A-4F6F-9EB7-8406E3695C6A}.Release|Any CPU.ActiveCfg = Release|Any CPU
		{AD8BDE75-911A-4F6F-9EB7-8406E3695C6A}.Release|Any CPU.Build.0 = Release|Any CPU
		{F81FD68D-B2BB-4EDF-A281-F39D24F9F689}.Debug|Any CPU.ActiveCfg = Debug|Any CPU
		{F81FD68D-B2BB-4EDF-A281-F39D24F9F689}.Debug|Any CPU.Build.0 = Debug|Any CPU
		{F81FD68D-B2BB-4EDF-A281-F39D24F9F689}.Release|Any CPU.ActiveCfg = Release|Any CPU
		{F81FD68D-B2BB-4EDF-A281-F39D24F9F689}.Release|Any CPU.Build.0 = Release|Any CPU
	EndGlobalSection
	GlobalSection(SolutionProperties) = preSolution
		HideSolutionNode = FALSE
	EndGlobalSection
	GlobalSection(ExtensibilityGlobals) = postSolution
		SolutionGuid = {322790D0-EAED-4A06-A989-72B4CF84BA22}
	EndGlobalSection
EndGlobal
